<?xml version="1.0" encoding="utf-8"?>
<Project ToolsVersion="4.0" xmlns="http://schemas.microsoft.com/developer/msbuild/2003">
  <ItemGroup>
    <ClCompile Include="source\main.cpp" />
    <ClCompile Include="source\mathops.cpp" />
    <ClCompile Include="source\input.cpp" />
    <ClCompile Include="source\renderer.cpp" />
    <ClCompile Include="source\scene_manager.cpp" />
    <ClCompile Include="source\player.cpp" />
    <ClCompile Include="source\tilemap.cpp" />
    <ClCompile Include="source\console.cpp" />
    <ClCompile Include="source\particles.cpp" />
    <ClCompile Include="source\time.cpp" />
    <ClCompile Include="source\entity.cpp" />
    <ClCompile Include="source\physics.cpp" />
    <ClCompile Include="source\utility.cpp" />
  </ItemGroup>
  <ItemGroup>
    <ClInclude Include="source\mathops.h" />
    <ClInclude Include="source\types.h" />
    <ClInclude Include="source\input.h" />
    <ClInclude Include="source\renderer.h" />
    <ClInclude Include="source\player.h" />
    <ClInclude Include="source\scene_manager.h" />
    <ClInclude Include="source\tilemap.h" />
    <ClInclude Include="source\console.h" />
    <ClInclude Include="source\particles.h" />
    <ClInclude Include="source\time.h" />
    <ClInclude Include="source\entity.h" />
    <ClInclude Include="source\physics.h" />
    <ClInclude Include="source\containers.h" />
    <ClInclude Include="source\utility.h" />
  </ItemGroup>
</Project>